# @generated - this file is auto-generated by `mise lock` https://mise.jdx.dev/dev-tools/mise-lock.html

[[tools.python]]
version = "3.13.11"
backend = "core:python"

[tools.python."platforms.linux-arm64"]
checksum = "sha256:f0f53642d65155007cbfa8601722f9bc189a5c8633f54fb78fcfef8bc817545f"
url = "https://github.com/astral-sh/python-build-standalone/releases/download/20260127/cpython-3.13.11+20260127-aarch64-unknown-linux-gnu-install_only_stripped.tar.gz"

[tools.python."platforms.linux-arm64-musl"]
checksum = "sha256:f0f53642d65155007cbfa8601722f9bc189a5c8633f54fb78fcfef8bc817545f"
url = "https://github.com/astral-sh/python-build-standalone/releases/download/20260127/cpython-3.13.11+20260127-aarch64-unknown-linux-gnu-install_only_stripped.tar.gz"

[tools.python."platforms.linux-x64"]
checksum = "sha256:ec6aef3fec3183593445c2a57378d7f140e3a1fe637e7fec1dbfba10c5076549"
url = "https://github.com/astral-sh/python-build-standalone/releases/download/20260127/cpython-3.13.11+20260127-x86_64-unknown-linux-gnu-install_only_stripped.tar.gz"

[tools.python."platforms.linux-x64-musl"]
checksum = "sha256:ec6aef3fec3183593445c2a57378d7f140e3a1fe637e7fec1dbfba10c5076549"
url = "https://github.com/astral-sh/python-build-standalone/releases/download/20260127/cpython-3.13.11+20260127-x86_64-unknown-linux-gnu-install_only_stripped.tar.gz"

[tools.python."platforms.macos-arm64"]
checksum = "sha256:718a87bf84d81cb81355488ca37be1f66c2252304be2090721016948de96e7ca"
url = "https://github.com/astral-sh/python-build-standalone/releases/download/20260127/cpython-3.13.11+20260127-aarch64-apple-darwin-install_only_stripped.tar.gz"

[tools.python."platforms.macos-x64"]
checksum = "sha256:2a84ac3dff6892d857b3bf7fc00f88335ed97f4ac4577e0651a56cc7f13239d7"
url = "https://github.com/astral-sh/python-build-standalone/releases/download/20260127/cpython-3.13.11+20260127-x86_64-apple-darwin-install_only_stripped.tar.gz"

[tools.python."platforms.windows-x64"]
checksum = "sha256:da73138f249d9eb38acf7b43225c40a8cd5ee2218474bbcf567e274626005f37"
url = "https://github.com/astral-sh/python-build-standalone/releases/download/20260127/cpython-3.13.11+20260127-x86_64-pc-windows-msvc-install_only_stripped.tar.gz"

[[tools.uv]]
version = "0.11.15"
backend = "aqua:astral-sh/uv"

[tools.uv."platforms.linux-arm64"]
checksum = "sha256:6505075cec3f551fad4fe9026922967ff9c895c9f513c97682b24e7a1c9becd3"
url = "https://github.com/astral-sh/uv/releases/download/0.11.15/uv-aarch64-unknown-linux-musl.tar.gz"

[tools.uv."platforms.linux-arm64-musl"]
checksum = "sha256:6505075cec3f551fad4fe9026922967ff9c895c9f513c97682b24e7a1c9becd3"
url = "https://github.com/astral-sh/uv/releases/download/0.11.15/uv-aarch64-unknown-linux-musl.tar.gz"

[tools.uv."platforms.linux-x64"]
checksum = "sha256:200ccf2f351849c5d6698714e7e7eb9ead1e8c097dbdbb43730e1a4e059ceb87"
url = "https://github.com/astral-sh/uv/releases/download/0.11.15/uv-x86_64-unknown-linux-musl.tar.gz"

[tools.uv."platforms.linux-x64-musl"]
checksum = "sha256:200ccf2f351849c5d6698714e7e7eb9ead1e8c097dbdbb43730e1a4e059ceb87"
url = "https://github.com/astral-sh/uv/releases/download/0.11.15/uv-x86_64-unknown-linux-musl.tar.gz"

[tools.uv."platforms.macos-arm64"]
checksum = "sha256:7e5b336108f8576eda1939920ca0a805b4a9a3c3d3eb2f6140e38b7092fbe4f3"
url = "https://github.com/astral-sh/uv/releases/download/0.11.15/uv-aarch64-apple-darwin.tar.gz"

[tools.uv."platforms.macos-x64"]
checksum = "sha256:42bca7cc879d117ed7139a0e26de8cab0b6f033ad439a32144f324d1f8580d8c"
url = "https://github.com/astral-sh/uv/releases/download/0.11.15/uv-x86_64-apple-darwin.tar.gz"

[tools.uv."platforms.windows-x64"]
checksum = "sha256:04b98d414a9000e25e5e0e7c9f53749e66b790cdaffc582829e6f58c544ee11c"
url = "https://github.com/astral-sh/uv/releases/download/0.11.15/uv-x86_64-pc-windows-msvc.zip"
